
Microsoft Visual Studio Solution File, Format Version 12.00
# Visual Studio Version 17
VisualStudioVersion = 17.0.32014.148
MinimumVisualStudioVersion = 10.0.40219.1
Project("{FAE04EC0-301F-11D3-BF4B-00C04F79EFBC}") = "CarInsurance", "CarInsurance\CarInsurance.csproj", "{EA656D4D-4695-474D-8A4F-9D6FF5021984}"
EndProject
Global
	GlobalSection(SolutionConfigurationPlatforms) = preSolution
		Debug|Any CPU = Debug|Any CPU
		Release|Any CPU = Release|Any CPU
	EndGlobalSection
	GlobalSection(ProjectConfigurationPlatforms) = postSolution
		{EA656D4D-4695-474D-8A4F-9D6FF5021984}.Debug|Any CPU.ActiveCfg = Debug|Any CPU
		{EA656D4D-4695-474D-8A4F-9D6FF5021984}.Debug|Any CPU.Build.0 = Debug|Any CPU
		{EA656D4D-4695-474D-8A4F-9D6FF5021984}.Release|Any CPU.ActiveCfg = Release|Any CPU
		{EA656D4D-4695-474D-8A4F-9D6FF5021984}.Release|Any CPU.Build.0 = Release|Any CPU
	EndGlobalSection
	GlobalSection(SolutionProperties) = preSolution
		HideSolutionNode = FALSE
	EndGlobalSection
	GlobalSection(ExtensibilityGlobals) = postSolution
		SolutionGuid = {091560B5-9C65-4DE4-AAF5-5183711AE966}
	EndGlobalSection
EndGlobal
